{
  "version": 4,
  "terraform_version": "1.2.5",
  "serial": 110,
  "lineage": "33565bcd-3366-c8df-229b-e96b6f5a378c",
  "outputs": {},
  "resources": [
    {
      "module": "module.S3_upload_lambda_bucket",
      "mode": "managed",
      "type": "aws_lambda_function",
      "name": "s3_upload",
      "provider": "module.S3_upload_lambda_bucket.provider[\"registry.terraform.io/hashicorp/aws\"]",
      "instances": []
    },
    {
      "module": "module.S3_upload_lambda_bucket",
      "mode": "managed",
      "type": "aws_lambda_permission",
      "name": "allow_bucket",
      "provider": "module.S3_upload_lambda_bucket.provider[\"registry.terraform.io/hashicorp/aws\"]",
      "instances": []
    },
    {
      "module": "module.S3_upload_lambda_bucket",
      "mode": "managed",
      "type": "aws_s3_bucket",
      "name": "img",
      "provider": "module.S3_upload_lambda_bucket.provider[\"registry.terraform.io/hashicorp/aws\"]",
      "instances": []
    },
    {
      "module": "module.S3_upload_lambda_bucket",
      "mode": "managed",
      "type": "aws_s3_bucket_notification",
      "name": "aws-lambda-trigger",
      "provider": "module.S3_upload_lambda_bucket.provider[\"registry.terraform.io/hashicorp/aws\"]",
      "instances": []
    },
    {
      "module": "module.preassigned_url",
      "mode": "data",
      "type": "aws_iam_policy",
      "name": "s3-admin-policy",
      "provider": "module.preassigned_url.provider[\"registry.terraform.io/hashicorp/aws\"]",
      "instances": [
        {
          "schema_version": 0,
          "attributes": {
            "arn": "arn:aws:iam::aws:policy/AmazonS3FullAccess",
            "description": "Provides full access to all buckets via the AWS Management Console.",
            "id": "arn:aws:iam::aws:policy/AmazonS3FullAccess",
            "name": "AmazonS3FullAccess",
            "path": "/",
            "path_prefix": null,
            "policy": "{\n  \"Version\": \"2012-10-17\",\n  \"Statement\": [\n    {\n      \"Effect\": \"Allow\",\n      \"Action\": [\"s3:*\", \"s3-object-lambda:*\"],\n      \"Resource\": \"*\"\n    }\n  ]\n}",
            "policy_id": "ANPAIFIR6V6BVTRAHWINE",
            "tags": {}
          },
          "sensitive_attributes": []
        }
      ]
    },
    {
      "module": "module.preassigned_url",
      "mode": "managed",
      "type": "aws_apigatewayv2_api",
      "name": "s3upload",
      "provider": "module.preassigned_url.provider[\"registry.terraform.io/hashicorp/aws\"]",
      "instances": [
        {
          "schema_version": 0,
          "attributes": {
            "api_endpoint": "https://kerbgmplvl.execute-api.us-east-1.amazonaws.com",
            "api_key_selection_expression": "$request.header.x-api-key",
            "arn": "arn:aws:apigateway:us-east-1::/apis/kerbgmplvl",
            "body": null,
            "cors_configuration": [],
            "credentials_arn": null,
            "description": "",
            "disable_execute_api_endpoint": false,
            "execution_arn": "arn:aws:execute-api:us-east-1:056999812124:kerbgmplvl",
            "fail_on_warnings": null,
            "id": "kerbgmplvl",
            "name": "s3upload",
            "protocol_type": "HTTP",
            "route_key": null,
            "route_selection_expression": "$request.method $request.path",
            "tags": null,
            "tags_all": {},
            "target": null,
            "version": ""
          },
          "sensitive_attributes": [],
          "private": "bnVsbA=="
        }
      ]
    },
    {
      "module": "module.preassigned_url",
      "mode": "managed",
      "type": "aws_apigatewayv2_integration",
      "name": "s3upload",
      "provider": "module.preassigned_url.provider[\"registry.terraform.io/hashicorp/aws\"]",
      "instances": []
    },
    {
      "module": "module.preassigned_url",
      "mode": "managed",
      "type": "aws_apigatewayv2_route",
      "name": "s3upload",
      "provider": "module.preassigned_url.provider[\"registry.terraform.io/hashicorp/aws\"]",
      "instances": []
    },
    {
      "module": "module.preassigned_url",
      "mode": "managed",
      "type": "aws_apigatewayv2_stage",
      "name": "v1",
      "provider": "module.preassigned_url.provider[\"registry.terraform.io/hashicorp/aws\"]",
      "instances": [
        {
          "schema_version": 0,
          "attributes": {
            "access_log_settings": [],
            "api_id": "kerbgmplvl",
            "arn": "arn:aws:apigateway:us-east-1::/apis/kerbgmplvl/stages/v1",
            "auto_deploy": true,
            "client_certificate_id": "",
            "default_route_settings": [
              {
                "data_trace_enabled": false,
                "detailed_metrics_enabled": false,
                "logging_level": "",
                "throttling_burst_limit": 0,
                "throttling_rate_limit": 0
              }
            ],
            "deployment_id": "",
            "description": "",
            "execution_arn": "arn:aws:execute-api:us-east-1:056999812124:kerbgmplvl/v1",
            "id": "v1",
            "invoke_url": "https://kerbgmplvl.execute-api.us-east-1.amazonaws.com/v1",
            "name": "v1",
            "route_settings": [],
            "stage_variables": null,
            "tags": null,
            "tags_all": {}
          },
          "sensitive_attributes": [],
          "private": "bnVsbA==",
          "dependencies": [
            "module.preassigned_url.aws_apigatewayv2_api.s3upload"
          ]
        }
      ]
    },
    {
      "module": "module.preassigned_url",
      "mode": "managed",
      "type": "aws_iam_role_policy_attachment",
      "name": "base-role",
      "provider": "module.preassigned_url.provider[\"registry.terraform.io/hashicorp/aws\"]",
      "instances": []
    },
    {
      "module": "module.preassigned_url",
      "mode": "managed",
      "type": "aws_iam_role_policy_attachment",
      "name": "s3-role",
      "provider": "module.preassigned_url.provider[\"registry.terraform.io/hashicorp/aws\"]",
      "instances": []
    },
    {
      "module": "module.preassigned_url",
      "mode": "managed",
      "type": "aws_lambda_function",
      "name": "preassnurl",
      "provider": "module.preassigned_url.provider[\"registry.terraform.io/hashicorp/aws\"]",
      "instances": []
    },
    {
      "module": "module.preassigned_url",
      "mode": "managed",
      "type": "aws_lambda_permission",
      "name": "apigw-permission",
      "provider": "module.preassigned_url.provider[\"registry.terraform.io/hashicorp/aws\"]",
      "instances": []
    },
    {
      "module": "module.sns",
      "mode": "managed",
      "type": "aws_sns_topic",
      "name": "car_",
      "provider": "module.sns.provider[\"registry.terraform.io/hashicorp/aws\"]",
      "instances": [
        {
          "schema_version": 0,
          "attributes": {
            "application_failure_feedback_role_arn": "",
            "application_success_feedback_role_arn": "",
            "application_success_feedback_sample_rate": 0,
            "arn": "arn:aws:sns:us-east-1:056999812124:car-detect",
            "content_based_deduplication": false,
            "delivery_policy": "",
            "display_name": "Car Detected",
            "fifo_topic": false,
            "firehose_failure_feedback_role_arn": "",
            "firehose_success_feedback_role_arn": "",
            "firehose_success_feedback_sample_rate": 0,
            "http_failure_feedback_role_arn": "",
            "http_success_feedback_role_arn": "",
            "http_success_feedback_sample_rate": 0,
            "id": "arn:aws:sns:us-east-1:056999812124:car-detect",
            "kms_master_key_id": "",
            "lambda_failure_feedback_role_arn": "",
            "lambda_success_feedback_role_arn": "",
            "lambda_success_feedback_sample_rate": 0,
            "name": "car-detect",
            "name_prefix": "",
            "owner": "056999812124",
            "policy": "{\"Version\":\"2008-10-17\",\"Id\":\"__default_policy_ID\",\"Statement\":[{\"Sid\":\"__default_statement_ID\",\"Effect\":\"Allow\",\"Principal\":{\"AWS\":\"*\"},\"Action\":[\"SNS:GetTopicAttributes\",\"SNS:SetTopicAttributes\",\"SNS:AddPermission\",\"SNS:RemovePermission\",\"SNS:DeleteTopic\",\"SNS:Subscribe\",\"SNS:ListSubscriptionsByTopic\",\"SNS:Publish\"],\"Resource\":\"arn:aws:sns:us-east-1:056999812124:car-detect\",\"Condition\":{\"StringEquals\":{\"AWS:SourceOwner\":\"056999812124\"}}}]}",
            "sqs_failure_feedback_role_arn": "",
            "sqs_success_feedback_role_arn": "",
            "sqs_success_feedback_sample_rate": 0,
            "tags": null,
            "tags_all": {}
          },
          "sensitive_attributes": [],
          "private": "bnVsbA=="
        }
      ]
    },
    {
      "module": "module.sns",
      "mode": "managed",
      "type": "aws_sns_topic_subscription",
      "name": "email-target",
      "provider": "module.sns.provider[\"registry.terraform.io/hashicorp/aws\"]",
      "instances": [
        {
          "schema_version": 0,
          "attributes": {
            "arn": "arn:aws:sns:us-east-1:056999812124:car-detect:9ab60ef3-4caa-4172-9172-021fb8bd47fb",
            "confirmation_timeout_in_minutes": 1,
            "confirmation_was_authenticated": false,
            "delivery_policy": "",
            "endpoint": "jashshah2103@gmail.com",
            "endpoint_auto_confirms": false,
            "filter_policy": "",
            "id": "arn:aws:sns:us-east-1:056999812124:car-detect:9ab60ef3-4caa-4172-9172-021fb8bd47fb",
            "owner_id": "056999812124",
            "pending_confirmation": true,
            "protocol": "email",
            "raw_message_delivery": false,
            "redrive_policy": "",
            "subscription_role_arn": "",
            "topic_arn": "arn:aws:sns:us-east-1:056999812124:car-detect"
          },
          "sensitive_attributes": [],
          "private": "bnVsbA==",
          "dependencies": [
            "module.sns.aws_sns_topic.car_"
          ]
        }
      ]
    }
  ]
}
